{
  "name": "reorder",
  "lockfileVersion": 2,
  "requires": true,
  "packages": {
    "": {
      "dependencies": {
        "fs": "^0.0.1-security",
        "images": "^3.2.4",
        "json-files-merger": "^2.0.0",
        "merge-images": "^2.0.0"
      }
    },
    "node_modules/fs": {
      "version": "0.0.1-security",
      "resolved": "https://registry.npmjs.org/fs/-/fs-0.0.1-security.tgz",
      "integrity": "sha1-invTcYa23d84E/I4WLV+yq9eQdQ="
    },
    "node_modules/graceful-fs": {
      "version": "4.2.9",
      "resolved": "https://registry.npmjs.org/graceful-fs/-/graceful-fs-4.2.9.tgz",
      "integrity": "sha512-NtNxqUcXgpW2iMrfqSfR73Glt39K+BLwWsPs94yR63v45T0Wbej7eRmL5cWfwEgqXnmjQp3zaJTshdRW/qC2ZQ==",
      "optional": true
    },
    "node_modules/images": {
      "version": "3.2.4",
      "resolved": "https://registry.npmjs.org/images/-/images-3.2.4.tgz",
      "integrity": "sha512-Uq61/Q8XixCRyKvws7tPwboK0O70Dbr4kMQZHw2dqdEhnU6TpaGwyMg0vzQ4aaGtrO9N3etq46XwF7hxbqp8ug==",
      "hasInstallScript": true
    },
    "node_modules/json-files-merger": {
      "version": "2.0.0",
      "resolved": "https://registry.npmjs.org/json-files-merger/-/json-files-merger-2.0.0.tgz",
      "integrity": "sha512-HoUwgZXgBi1P9kHog4tktUzB5LqZ/y+CJpDkVRyh9v4y0Fml6ypMHVKXWmDeSZ2EyFoFHDhTjKeQU7BzeeeNeQ==",
      "dependencies": {
        "jsonfile": "^5.0.0"
      }
    },
    "node_modules/jsonfile": {
      "version": "5.0.0",
      "resolved": "https://registry.npmjs.org/jsonfile/-/jsonfile-5.0.0.tgz",
      "integrity": "sha512-NQRZ5CRo74MhMMC3/3r5g2k4fjodJ/wh8MxjFbCViWKFjxrnudWSY5vomh+23ZaXzAS7J3fBZIR2dV6WbmfM0w==",
      "dependencies": {
        "universalify": "^0.1.2"
      },
      "optionalDependencies": {
        "graceful-fs": "^4.1.6"
      }
    },
    "node_modules/merge-images": {
      "version": "2.0.0",
      "resolved": "https://registry.npmjs.org/merge-images/-/merge-images-2.0.0.tgz",
      "integrity": "sha512-bpI4j54n/Zl6ZTgxaR3xWou/lqI53RAAt8peXijW37BKqoON83LQ7XCZqtFiwzBfEXIws1isYyR06584yffAyA=="
    },
    "node_modules/universalify": {
      "version": "0.1.2",
      "resolved": "https://registry.npmjs.org/universalify/-/universalify-0.1.2.tgz",
      "integrity": "sha512-rBJeI5CXAlmy1pV+617WB9J63U6XcazHHF2f2dbJix4XzpUF0RS3Zbj0FGIOCAva5P/d/GBOYaACQ1w+0azUkg==",
      "engines": {
        "node": ">= 4.0.0"
      }
    }
  },
  "dependencies": {
    "fs": {
      "version": "0.0.1-security",
      "resolved": "https://registry.npmjs.org/fs/-/fs-0.0.1-security.tgz",
      "integrity": "sha1-invTcYa23d84E/I4WLV+yq9eQdQ="
    },
    "graceful-fs": {
      "version": "4.2.9",
      "resolved": "https://registry.npmjs.org/graceful-fs/-/graceful-fs-4.2.9.tgz",
      "integrity": "sha512-NtNxqUcXgpW2iMrfqSfR73Glt39K+BLwWsPs94yR63v45T0Wbej7eRmL5cWfwEgqXnmjQp3zaJTshdRW/qC2ZQ==",
      "optional": true
    },
    "images": {
      "version": "3.2.4",
      "resolved": "https://registry.npmjs.org/images/-/images-3.2.4.tgz",
      "integrity": "sha512-Uq61/Q8XixCRyKvws7tPwboK0O70Dbr4kMQZHw2dqdEhnU6TpaGwyMg0vzQ4aaGtrO9N3etq46XwF7hxbqp8ug=="
    },
    "json-files-merger": {
      "version": "2.0.0",
      "resolved": "https://registry.npmjs.org/json-files-merger/-/json-files-merger-2.0.0.tgz",
      "integrity": "sha512-HoUwgZXgBi1P9kHog4tktUzB5LqZ/y+CJpDkVRyh9v4y0Fml6ypMHVKXWmDeSZ2EyFoFHDhTjKeQU7BzeeeNeQ==",
      "requires": {
        "jsonfile": "^5.0.0"
      }
    },
    "jsonfile": {
      "version": "5.0.0",
      "resolved": "https://registry.npmjs.org/jsonfile/-/jsonfile-5.0.0.tgz",
      "integrity": "sha512-NQRZ5CRo74MhMMC3/3r5g2k4fjodJ/wh8MxjFbCViWKFjxrnudWSY5vomh+23ZaXzAS7J3fBZIR2dV6WbmfM0w==",
      "requires": {
        "graceful-fs": "^4.1.6",
        "universalify": "^0.1.2"
      }
    },
    "merge-images": {
      "version": "2.0.0",
      "resolved": "https://registry.npmjs.org/merge-images/-/merge-images-2.0.0.tgz",
      "integrity": "sha512-bpI4j54n/Zl6ZTgxaR3xWou/lqI53RAAt8peXijW37BKqoON83LQ7XCZqtFiwzBfEXIws1isYyR06584yffAyA=="
    },
    "universalify": {
      "version": "0.1.2",
      "resolved": "https://registry.npmjs.org/universalify/-/universalify-0.1.2.tgz",
      "integrity": "sha512-rBJeI5CXAlmy1pV+617WB9J63U6XcazHHF2f2dbJix4XzpUF0RS3Zbj0FGIOCAva5P/d/GBOYaACQ1w+0azUkg=="
    }
  }
}
